
Microsoft Visual Studio Solution File, Format Version 12.00
# Visual Studio Version 16
VisualStudioVersion = 16.0.30128.74
MinimumVisualStudioVersion = 10.0.40219.1
Project("{FAE04EC0-301F-11D3-BF4B-00C04F79EFBC}") = "MultibodySimulation", "MultibodySimulation\MultibodySimulation.csproj", "{3B586EB3-0E1F-4355-83DE-73D182ABF121}"
EndProject
Global
	GlobalSection(SolutionConfigurationPlatforms) = preSolution
		Debug|Any CPU = Debug|Any CPU
		Release|Any CPU = Release|Any CPU
	EndGlobalSection
	GlobalSection(ProjectConfigurationPlatforms) = postSolution
		{3B586EB3-0E1F-4355-83DE-73D182ABF121}.Debug|Any CPU.ActiveCfg = Debug|Any CPU
		{3B586EB3-0E1F-4355-83DE-73D182ABF121}.Debug|Any CPU.Build.0 = Debug|Any CPU
		{3B586EB3-0E1F-4355-83DE-73D182ABF121}.Release|Any CPU.ActiveCfg = Release|Any CPU
		{3B586EB3-0E1F-4355-83DE-73D182ABF121}.Release|Any CPU.Build.0 = Release|Any CPU
	EndGlobalSection
	GlobalSection(SolutionProperties) = preSolution
		HideSolutionNode = FALSE
	EndGlobalSection
	GlobalSection(ExtensibilityGlobals) = postSolution
		SolutionGuid = {3D96EE8C-C2CD-4347-8A4F-4EF6462A77C2}
	EndGlobalSection
EndGlobal
